{
  "name": "scrypt_password_hashing_demo",
  "version": "0.0.0",
  "lockfileVersion": 1,
  "requires": true,
  "dependencies": {
    "tddf": {
      "version": "0.0.0",
      "resolved": "https://registry.npmjs.org/tddf/-/tddf-0.0.0.tgz",
      "integrity": "sha512-bLU4GgZ0Ju63CsaIAReGf6s/KIVfwElrs0AQIbvAXQMWJLTZX3hjKQsGZGg2gtSewcBK+SEvHjaXE1yjCOrMdQ==",
      "dev": true
    }
  }
}
